{
    "_readme": [
        "This file locks the dependencies of your project to a known state",
        "Read more about it at https://getcomposer.org/doc/01-basic-usage.md#composer-lock-the-lock-file",
        "This file is @generated automatically"
    ],
    "hash": "aa3cb6af47b2032afb70b42e77e44b16",
    "content-hash": "a3937ce1ceb0d319ddd29d67e32ed3ca",
    "packages": [
        {
            "name": "vitodtagliente/pure-orm",
            "version": "dev-master",
            "source": {
                "type": "git",
                "url": "https://github.com/vitodtagliente/pure-orm.git",
                "reference": "50aaf57ee8baa3feb367922f3866f3fec48ed06f"
            },
            "dist": {
                "type": "zip",
                "url": "https://api.github.com/repos/vitodtagliente/pure-orm/zipball/50aaf57ee8baa3feb367922f3866f3fec48ed06f",
                "reference": "50aaf57ee8baa3feb367922f3866f3fec48ed06f",
                "shasum": ""
            },
            "type": "library",
            "autoload": {
                "psr-4": {
                    "Pure\\ORM\\": ""
                }
            },
            "notification-url": "https://packagist.org/downloads/",
            "license": [
                "MIT"
            ],
            "authors": [
                {
                    "name": "Vito Domenico Tagliente",
                    "email": "vitodomenicotagliente@gmail.com"
                }
            ],
            "description": "The Pure ORM Component",
            "time": "2017-09-10 09:04:45"
        },
        {
            "name": "vitodtagliente/pure-router",
            "version": "dev-master",
            "source": {
                "type": "git",
                "url": "https://github.com/vitodtagliente/pure-router.git",
                "reference": "2e4397b90e082906f2d00b982f94b2db2591050d"
            },
            "dist": {
                "type": "zip",
                "url": "https://api.github.com/repos/vitodtagliente/pure-router/zipball/2e4397b90e082906f2d00b982f94b2db2591050d",
                "reference": "2e4397b90e082906f2d00b982f94b2db2591050d",
                "shasum": ""
            },
            "type": "library",
            "autoload": {
                "psr-4": {
                    "Pure\\Router\\": ""
                }
            },
            "notification-url": "https://packagist.org/downloads/",
            "license": [
                "MIT"
            ],
            "authors": [
                {
                    "name": "Vito Domenico Tagliente",
                    "email": "vitodomenicotagliente@gmail.com"
                }
            ],
            "description": "The Pure Router Component",
            "time": "2017-08-27 13:52:03"
        },
        {
            "name": "vitodtagliente/pure-view",
            "version": "dev-master",
            "source": {
                "type": "git",
                "url": "https://github.com/vitodtagliente/pure-view.git",
                "reference": "c330ea2424810660290d5e28701051a097f44585"
            },
            "dist": {
                "type": "zip",
                "url": "https://api.github.com/repos/vitodtagliente/pure-view/zipball/c330ea2424810660290d5e28701051a097f44585",
                "reference": "c330ea2424810660290d5e28701051a097f44585",
                "shasum": ""
            },
            "type": "library",
            "autoload": {
                "psr-4": {
                    "Pure\\View\\": ""
                }
            },
            "notification-url": "https://packagist.org/downloads/",
            "license": [
                "MIT"
            ],
            "authors": [
                {
                    "name": "Vito Domenico Tagliente",
                    "email": "vitodomenicotagliente@gmail.com"
                }
            ],
            "description": "The Pure View Component",
            "time": "2017-09-10 10:24:21"
        }
    ],
    "packages-dev": [],
    "aliases": [],
    "minimum-stability": "dev",
    "stability-flags": {
        "vitodtagliente/pure-router": 20,
        "vitodtagliente/pure-orm": 20,
        "vitodtagliente/pure-view": 20
    },
    "prefer-stable": false,
    "prefer-lowest": false,
    "platform": [],
    "platform-dev": []
}
