{
    "_readme": [
        "This file locks the dependencies of your project to a known state",
        "Read more about it at https://getcomposer.org/doc/01-basic-usage.md#composer-lock-the-lock-file",
        "This file is @generated automatically"
    ],
    "hash": "2c0ee87ebd5d23025814141842aa2106",
    "content-hash": "5e6c873c237174f63c630007d49fac59",
    "packages": [
        {
            "name": "vitodtagliente/pure-orm",
            "version": "dev-master",
            "source": {
                "type": "git",
                "url": "https://github.com/vitodtagliente/pure-orm.git",
                "reference": "0ebbe1cbd29d3d7cd2616e4363b7373c5c44f5a0"
            },
            "dist": {
                "type": "zip",
                "url": "https://api.github.com/repos/vitodtagliente/pure-orm/zipball/0ebbe1cbd29d3d7cd2616e4363b7373c5c44f5a0",
                "reference": "0ebbe1cbd29d3d7cd2616e4363b7373c5c44f5a0",
                "shasum": ""
            },
            "type": "library",
            "autoload": {
                "psr-4": {
                    "Pure\\ORM\\": ""
                }
            },
            "notification-url": "https://packagist.org/downloads/",
            "license": [
                "MIT"
            ],
            "authors": [
                {
                    "name": "Vito Domenico Tagliente",
                    "email": "vitodomenicotagliente@gmail.com"
                }
            ],
            "description": "The Pure ORM Component",
            "time": "2017-09-09 16:13:42"
        },
        {
            "name": "vitodtagliente/pure-router",
            "version": "dev-master",
            "source": {
                "type": "git",
                "url": "https://github.com/vitodtagliente/pure-router.git",
                "reference": "2e4397b90e082906f2d00b982f94b2db2591050d"
            },
            "dist": {
                "type": "zip",
                "url": "https://api.github.com/repos/vitodtagliente/pure-router/zipball/2e4397b90e082906f2d00b982f94b2db2591050d",
                "reference": "2e4397b90e082906f2d00b982f94b2db2591050d",
                "shasum": ""
            },
            "type": "library",
            "autoload": {
                "psr-4": {
                    "Pure\\Router\\": ""
                }
            },
            "notification-url": "https://packagist.org/downloads/",
            "license": [
                "MIT"
            ],
            "authors": [
                {
                    "name": "Vito Domenico Tagliente",
                    "email": "vitodomenicotagliente@gmail.com"
                }
            ],
            "description": "The Pure Router Component",
            "time": "2017-08-27 13:52:03"
        }
    ],
    "packages-dev": [],
    "aliases": [],
    "minimum-stability": "dev",
    "stability-flags": {
        "vitodtagliente/pure-router": 20,
        "vitodtagliente/pure-orm": 20
    },
    "prefer-stable": false,
    "prefer-lowest": false,
    "platform": [],
    "platform-dev": []
}
